
Microsoft Visual Studio Solution File, Format Version 12.00
# Visual Studio Version 16
VisualStudioVersion = 16.0.31624.102
MinimumVisualStudioVersion = 10.0.40219.1
Project("{FAE04EC0-301F-11D3-BF4B-00C04F79EFBC}") = "ControlPostgres", "ControlPostgres\ControlPostgres.csproj", "{15931C91-F836-49BC-9336-81136BA9FB6A}"
EndProject
Global
	GlobalSection(SolutionConfigurationPlatforms) = preSolution
		Debug|Any CPU = Debug|Any CPU
		Release|Any CPU = Release|Any CPU
	EndGlobalSection
	GlobalSection(ProjectConfigurationPlatforms) = postSolution
		{15931C91-F836-49BC-9336-81136BA9FB6A}.Debug|Any CPU.ActiveCfg = Debug|Any CPU
		{15931C91-F836-49BC-9336-81136BA9FB6A}.Debug|Any CPU.Build.0 = Debug|Any CPU
		{15931C91-F836-49BC-9336-81136BA9FB6A}.Release|Any CPU.ActiveCfg = Release|Any CPU
		{15931C91-F836-49BC-9336-81136BA9FB6A}.Release|Any CPU.Build.0 = Release|Any CPU
	EndGlobalSection
	GlobalSection(SolutionProperties) = preSolution
		HideSolutionNode = FALSE
	EndGlobalSection
	GlobalSection(ExtensibilityGlobals) = postSolution
		SolutionGuid = {3E9EDCDA-F638-439A-9930-49BFA8FA6B07}
	EndGlobalSection
EndGlobal
